// !$*UTF8*$!
{
	archiveVersion = 1;
	classes = {
	};
	objectVersion = 48;
	objects = {

/* Begin PBXBuildFile section */
		8BD8DBA1207F7CA000ABD71C /* AppDelegate.swift in Sources */ = {isa = PBXBuildFile; fileRef = 8BD8DBA0207F7CA000ABD71C /* AppDelegate.swift */; };
		8BD8DBA3207F7CA000ABD71C /* ViewController.swift in Sources */ = {isa = PBXBuildFile; fileRef = 8BD8DBA2207F7CA000ABD71C /* ViewController.swift */; };
		8BD8DBA6207F7CA000ABD71C /* Main.storyboard in Resources */ = {isa = PBXBuildFile; fileRef = 8BD8DBA4207F7CA000ABD71C /* Main.storyboard */; };
		8BD8DBA8207F7CA000ABD71C /* Assets.xcassets in Resources */ = {isa = PBXBuildFile; fileRef = 8BD8DBA7207F7CA000ABD71C /* Assets.xcassets */; };
		8BD8DBAB207F7CA000ABD71C /* LaunchScreen.storyboard in Resources */ = {isa = PBXBuildFile; fileRef = 8BD8DBA9207F7CA000ABD71C /* LaunchScreen.storyboard */; };
		8BD8DBB6207F7CA000ABD71C /* LTmorphing1Tests.swift in Sources */ = {isa = PBXBuildFile; fileRef = 8BD8DBB5207F7CA000ABD71C /* LTmorphing1Tests.swift */; };
		8BD8DBC1207F7CA000ABD71C /* LTmorphing1UITests.swift in Sources */ = {isa = PBXBuildFile; fileRef = 8BD8DBC0207F7CA000ABD71C /* LTmorphing1UITests.swift */; };
/* End PBXBuildFile section */

/* Begin PBXContainerItemProxy section */
		8BD8DBB2207F7CA000ABD71C /* PBXContainerItemProxy */ = {
			isa = PBXContainerItemProxy;
			containerPortal = 8BD8DB95207F7CA000ABD71C /* Project object */;
			proxyType = 1;
			remoteGlobalIDString = 8BD8DB9C207F7CA000ABD71C;
			remoteInfo = LTmorphing1;
		};
		8BD8DBBD207F7CA000ABD71C /* PBXContainerItemProxy */ = {
			isa = PBXContainerItemProxy;
			containerPortal = 8BD8DB95207F7CA000ABD71C /* Project object */;
			proxyType = 1;
			remoteGlobalIDString = 8BD8DB9C207F7CA000ABD71C;
			remoteInfo = LTmorphing1;
		};
/* End PBXContainerItemProxy section */

/* Begin PBXFileReference section */
		8BD8DB9D207F7CA000ABD71C /* LTmorphing1.app */ = {isa = PBXFileReference; explicitFileType = wrapper.application; includeInIndex = 0; path = LTmorphing1.app; sourceTree = BUILT_PRODUCTS_DIR; };
		8BD8DBA0207F7CA000ABD71C /* AppDelegate.swift */ = {isa = PBXFileReference; lastKnownFileType = sourcecode.swift; path = AppDelegate.swift; sourceTree = "<group>"; };
		8BD8DBA2207F7CA000ABD71C /* ViewController.swift */ = {isa = PBXFileReference; lastKnownFileType = sourcecode.swift; path = ViewController.swift; sourceTree = "<group>"; };
		8BD8DBA5207F7CA000ABD71C /* Base */ = {isa = PBXFileReference; lastKnownFileType = file.storyboard; name = Base; path = Base.lproj/Main.storyboard; sourceTree = "<group>"; };
		8BD8DBA7207F7CA000ABD71C /* Assets.xcassets */ = {isa = PBXFileReference; lastKnownFileType = folder.assetcatalog; path = Assets.xcassets; sourceTree = "<group>"; };
		8BD8DBAA207F7CA000ABD71C /* Base */ = {isa = PBXFileReference; lastKnownFileType = file.storyboard; name = Base; path = Base.lproj/LaunchScreen.storyboard; sourceTree = "<group>"; };
		8BD8DBAC207F7CA000ABD71C /* Info.plist */ = {isa = PBXFileReference; lastKnownFileType = text.plist.xml; path = Info.plist; sourceTree = "<group>"; };
		8BD8DBB1207F7CA000ABD71C /* LTmorphing1Tests.xctest */ = {isa = PBXFileReference; explicitFileType = wrapper.cfbundle; includeInIndex = 0; path = LTmorphing1Tests.xctest; sourceTree = BUILT_PRODUCTS_DIR; };
		8BD8DBB5207F7CA000ABD71C /* LTmorphing1Tests.swift */ = {isa = PBXFileReference; lastKnownFileType = sourcecode.swift; path = LTmorphing1Tests.swift; sourceTree = "<group>"; };
		8BD8DBB7207F7CA000ABD71C /* Info.plist */ = {isa = PBXFileReference; lastKnownFileType = text.plist.xml; path = Info.plist; sourceTree = "<group>"; };
		8BD8DBBC207F7CA000ABD71C /* LTmorphing1UITests.xctest */ = {isa = PBXFileReference; explicitFileType = wrapper.cfbundle; includeInIndex = 0; path = LTmorphing1UITests.xctest; sourceTree = BUILT_PRODUCTS_DIR; };
		8BD8DBC0207F7CA000ABD71C /* LTmorphing1UITests.swift */ = {isa = PBXFileReference; lastKnownFileType = sourcecode.swift; path = LTmorphing1UITests.swift; sourceTree = "<group>"; };
		8BD8DBC2207F7CA000ABD71C /* Info.plist */ = {isa = PBXFileReference; lastKnownFileType = text.plist.xml; path = Info.plist; sourceTree = "<group>"; };
/* End PBXFileReference section */

/* Begin PBXFrameworksBuildPhase section */
		8BD8DB9A207F7CA000ABD71C /* Frameworks */ = {
			isa = PBXFrameworksBuildPhase;
			buildActionMask = 2147483647;
			files = (
			);
			runOnlyForDeploymentPostprocessing = 0;
		};
		8BD8DBAE207F7CA000ABD71C /* Frameworks */ = {
			isa = PBXFrameworksBuildPhase;
			buildActionMask = 2147483647;
			files = (
			);
			runOnlyForDeploymentPostprocessing = 0;
		};
		8BD8DBB9207F7CA000ABD71C /* Frameworks */ = {
			isa = PBXFrameworksBuildPhase;
			buildActionMask = 2147483647;
			files = (
			);
			runOnlyForDeploymentPostprocessing = 0;
		};
/* End PBXFrameworksBuildPhase section */

/* Begin PBXGroup section */
		8BD8DB94207F7CA000ABD71C = {
			isa = PBXGroup;
			children = (
				8BD8DB9F207F7CA000ABD71C /* LTmorphing1 */,
				8BD8DBB4207F7CA000ABD71C /* LTmorphing1Tests */,
				8BD8DBBF207F7CA000ABD71C /* LTmorphing1UITests */,
				8BD8DB9E207F7CA000ABD71C /* Products */,
			);
			sourceTree = "<group>";
		};
		8BD8DB9E207F7CA000ABD71C /* Products */ = {
			isa = PBXGroup;
			children = (
				8BD8DB9D207F7CA000ABD71C /* LTmorphing1.app */,
				8BD8DBB1207F7CA000ABD71C /* LTmorphing1Tests.xctest */,
				8BD8DBBC207F7CA000ABD71C /* LTmorphing1UITests.xctest */,
			);
			name = Products;
			sourceTree = "<group>";
		};
		8BD8DB9F207F7CA000ABD71C /* LTmorphing1 */ = {
			isa = PBXGroup;
			children = (
				8BD8DBA0207F7CA000ABD71C /* AppDelegate.swift */,
				8BD8DBA2207F7CA000ABD71C /* ViewController.swift */,
				8BD8DBA4207F7CA000ABD71C /* Main.storyboard */,
				8BD8DBA7207F7CA000ABD71C /* Assets.xcassets */,
				8BD8DBA9207F7CA000ABD71C /* LaunchScreen.storyboard */,
				8BD8DBAC207F7CA000ABD71C /* Info.plist */,
			);
			path = LTmorphing1;
			sourceTree = "<group>";
		};
		8BD8DBB4207F7CA000ABD71C /* LTmorphing1Tests */ = {
			isa = PBXGroup;
			children = (
				8BD8DBB5207F7CA000ABD71C /* LTmorphing1Tests.swift */,
				8BD8DBB7207F7CA000ABD71C /* Info.plist */,
			);
			path = LTmorphing1Tests;
			sourceTree = "<group>";
		};
		8BD8DBBF207F7CA000ABD71C /* LTmorphing1UITests */ = {
			isa = PBXGroup;
			children = (
				8BD8DBC0207F7CA000ABD71C /* LTmorphing1UITests.swift */,
				8BD8DBC2207F7CA000ABD71C /* Info.plist */,
			);
			path = LTmorphing1UITests;
			sourceTree = "<group>";
		};
/* End PBXGroup section */

/* Begin PBXNativeTarget section */
		8BD8DB9C207F7CA000ABD71C /* LTmorphing1 */ = {
			isa = PBXNativeTarget;
			buildConfigurationList = 8BD8DBC5207F7CA000ABD71C /* Build configuration list for PBXNativeTarget "LTmorphing1" */;
			buildPhases = (
				8BD8DB99207F7CA000ABD71C /* Sources */,
				8BD8DB9A207F7CA000ABD71C /* Frameworks */,
				8BD8DB9B207F7CA000ABD71C /* Resources */,
			);
			buildRules = (
			);
			dependencies = (
			);
			name = LTmorphing1;
			productName = LTmorphing1;
			productReference = 8BD8DB9D207F7CA000ABD71C /* LTmorphing1.app */;
			productType = "com.apple.product-type.application";
		};
		8BD8DBB0207F7CA000ABD71C /* LTmorphing1Tests */ = {
			isa = PBXNativeTarget;
			buildConfigurationList = 8BD8DBC8207F7CA000ABD71C /* Build configuration list for PBXNativeTarget "LTmorphing1Tests" */;
			buildPhases = (
				8BD8DBAD207F7CA000ABD71C /* Sources */,
				8BD8DBAE207F7CA000ABD71C /* Frameworks */,
				8BD8DBAF207F7CA000ABD71C /* Resources */,
			);
			buildRules = (
			);
			dependencies = (
				8BD8DBB3207F7CA000ABD71C /* PBXTargetDependency */,
			);
			name = LTmorphing1Tests;
			productName = LTmorphing1Tests;
			productReference = 8BD8DBB1207F7CA000ABD71C /* LTmorphing1Tests.xctest */;
			productType = "com.apple.product-type.bundle.unit-test";
		};
		8BD8DBBB207F7CA000ABD71C /* LTmorphing1UITests */ = {
			isa = PBXNativeTarget;
			buildConfigurationList = 8BD8DBCB207F7CA000ABD71C /* Build configuration list for PBXNativeTarget "LTmorphing1UITests" */;
			buildPhases = (
				8BD8DBB8207F7CA000ABD71C /* Sources */,
				8BD8DBB9207F7CA000ABD71C /* Frameworks */,
				8BD8DBBA207F7CA000ABD71C /* Resources */,
			);
			buildRules = (
			);
			dependencies = (
				8BD8DBBE207F7CA000ABD71C /* PBXTargetDependency */,
			);
			name = LTmorphing1UITests;
			productName = LTmorphing1UITests;
			productReference = 8BD8DBBC207F7CA000ABD71C /* LTmorphing1UITests.xctest */;
			productType = "com.apple.product-type.bundle.ui-testing";
		};
/* End PBXNativeTarget section */

/* Begin PBXProject section */
		8BD8DB95207F7CA000ABD71C /* Project object */ = {
			isa = PBXProject;
			attributes = {
				LastSwiftUpdateCheck = 0920;
				LastUpgradeCheck = 0920;
				ORGANIZATIONNAME = senovTech;
				TargetAttributes = {
					8BD8DB9C207F7CA000ABD71C = {
						CreatedOnToolsVersion = 9.2;
						ProvisioningStyle = Automatic;
					};
					8BD8DBB0207F7CA000ABD71C = {
						CreatedOnToolsVersion = 9.2;
						ProvisioningStyle = Automatic;
						TestTargetID = 8BD8DB9C207F7CA000ABD71C;
					};
					8BD8DBBB207F7CA000ABD71C = {
						CreatedOnToolsVersion = 9.2;
						ProvisioningStyle = Automatic;
						TestTargetID = 8BD8DB9C207F7CA000ABD71C;
					};
				};
			};
			buildConfigurationList = 8BD8DB98207F7CA000ABD71C /* Build configuration list for PBXProject "LTmorphing1" */;
			compatibilityVersion = "Xcode 8.0";
			developmentRegion = en;
			hasScannedForEncodings = 0;
			knownRegions = (
				en,
				Base,
			);
			mainGroup = 8BD8DB94207F7CA000ABD71C;
			productRefGroup = 8BD8DB9E207F7CA000ABD71C /* Products */;
			projectDirPath = "";
			projectRoot = "";
			targets = (
				8BD8DB9C207F7CA000ABD71C /* LTmorphing1 */,
				8BD8DBB0207F7CA000ABD71C /* LTmorphing1Tests */,
				8BD8DBBB207F7CA000ABD71C /* LTmorphing1UITests */,
			);
		};
/* End PBXProject section */

/* Begin PBXResourcesBuildPhase section */
		8BD8DB9B207F7CA000ABD71C /* Resources */ = {
			isa = PBXResourcesBuildPhase;
			buildActionMask = 2147483647;
			files = (
				8BD8DBAB207F7CA000ABD71C /* LaunchScreen.storyboard in Resources */,
				8BD8DBA8207F7CA000ABD71C /* Assets.xcassets in Resources */,
				8BD8DBA6207F7CA000ABD71C /* Main.storyboard in Resources */,
			);
			runOnlyForDeploymentPostprocessing = 0;
		};
		8BD8DBAF207F7CA000ABD71C /* Resources */ = {
			isa = PBXResourcesBuildPhase;
			buildActionMask = 2147483647;
			files = (
			);
			runOnlyForDeploymentPostprocessing = 0;
		};
		8BD8DBBA207F7CA000ABD71C /* Resources */ = {
			isa = PBXResourcesBuildPhase;
			buildActionMask = 2147483647;
			files = (
			);
			runOnlyForDeploymentPostprocessing = 0;
		};
/* End PBXResourcesBuildPhase section */

/* Begin PBXSourcesBuildPhase section */
		8BD8DB99207F7CA000ABD71C /* Sources */ = {
			isa = PBXSourcesBuildPhase;
			buildActionMask = 2147483647;
			files = (
				8BD8DBA3207F7CA000ABD71C /* ViewController.swift in Sources */,
				8BD8DBA1207F7CA000ABD71C /* AppDelegate.swift in Sources */,
			);
			runOnlyForDeploymentPostprocessing = 0;
		};
		8BD8DBAD207F7CA000ABD71C /* Sources */ = {
			isa = PBXSourcesBuildPhase;
			buildActionMask = 2147483647;
			files = (
				8BD8DBB6207F7CA000ABD71C /* LTmorphing1Tests.swift in Sources */,
			);
			runOnlyForDeploymentPostprocessing = 0;
		};
		8BD8DBB8207F7CA000ABD71C /* Sources */ = {
			isa = PBXSourcesBuildPhase;
			buildActionMask = 2147483647;
			files = (
				8BD8DBC1207F7CA000ABD71C /* LTmorphing1UITests.swift in Sources */,
			);
			runOnlyForDeploymentPostprocessing = 0;
		};
/* End PBXSourcesBuildPhase section */

/* Begin PBXTargetDependency section */
		8BD8DBB3207F7CA000ABD71C /* PBXTargetDependency */ = {
			isa = PBXTargetDependency;
			target = 8BD8DB9C207F7CA000ABD71C /* LTmorphing1 */;
			targetProxy = 8BD8DBB2207F7CA000ABD71C /* PBXContainerItemProxy */;
		};
		8BD8DBBE207F7CA000ABD71C /* PBXTargetDependency */ = {
			isa = PBXTargetDependency;
			target = 8BD8DB9C207F7CA000ABD71C /* LTmorphing1 */;
			targetProxy = 8BD8DBBD207F7CA000ABD71C /* PBXContainerItemProxy */;
		};
/* End PBXTargetDependency section */

/* Begin PBXVariantGroup section */
		8BD8DBA4207F7CA000ABD71C /* Main.storyboard */ = {
			isa = PBXVariantGroup;
			children = (
				8BD8DBA5207F7CA000ABD71C /* Base */,
			);
			name = Main.storyboard;
			sourceTree = "<group>";
		};
		8BD8DBA9207F7CA000ABD71C /* LaunchScreen.storyboard */ = {
			isa = PBXVariantGroup;
			children = (
				8BD8DBAA207F7CA000ABD71C /* Base */,
			);
			name = LaunchScreen.storyboard;
			sourceTree = "<group>";
		};
/* End PBXVariantGroup section */

/* Begin XCBuildConfiguration section */
		8BD8DBC3207F7CA000ABD71C /* Debug */ = {
			isa = XCBuildConfiguration;
			buildSettings = {
				ALWAYS_SEARCH_USER_PATHS = NO;
				CLANG_ANALYZER_NONNULL = YES;
				CLANG_ANALYZER_NUMBER_OBJECT_CONVERSION = YES_AGGRESSIVE;
				CLANG_CXX_LANGUAGE_STANDARD = "gnu++14";
				CLANG_CXX_LIBRARY = "libc++";
				CLANG_ENABLE_MODULES = YES;
				CLANG_ENABLE_OBJC_ARC = YES;
				CLANG_WARN_BLOCK_CAPTURE_AUTORELEASING = YES;
				CLANG_WARN_BOOL_CONVERSION = YES;
				CLANG_WARN_COMMA = YES;
				CLANG_WARN_CONSTANT_CONVERSION = YES;
				CLANG_WARN_DIRECT_OBJC_ISA_USAGE = YES_ERROR;
				CLANG_WARN_DOCUMENTATION_COMMENTS = YES;
				CLANG_WARN_EMPTY_BODY = YES;
				CLANG_WARN_ENUM_CONVERSION = YES;
				CLANG_WARN_INFINITE_RECURSION = YES;
				CLANG_WARN_INT_CONVERSION = YES;
				CLANG_WARN_NON_LITERAL_NULL_CONVERSION = YES;
				CLANG_WARN_OBJC_LITERAL_CONVERSION = YES;
				CLANG_WARN_OBJC_ROOT_CLASS = YES_ERROR;
				CLANG_WARN_RANGE_LOOP_ANALYSIS = YES;
				CLANG_WARN_STRICT_PROTOTYPES = YES;
				CLANG_WARN_SUSPICIOUS_MOVE = YES;
				CLANG_WARN_UNGUARDED_AVAILABILITY = YES_AGGRESSIVE;
				CLANG_WARN_UNREACHABLE_CODE = YES;
				CLANG_WARN__DUPLICATE_METHOD_MATCH = YES;
				CODE_SIGN_IDENTITY = "iPhone Developer";
				COPY_PHASE_STRIP = NO;
				DEBUG_INFORMATION_FORMAT = dwarf;
				ENABLE_STRICT_OBJC_MSGSEND = YES;
				ENABLE_TESTABILITY = YES;
				GCC_C_LANGUAGE_STANDARD = gnu11;
				GCC_DYNAMIC_NO_PIC = NO;
				GCC_NO_COMMON_BLOCKS = YES;
				GCC_OPTIMIZATION_LEVEL = 0;
				GCC_PREPROCESSOR_DEFINITIONS = (
					"DEBUG=1",
					"$(inherited)",
				);
				GCC_WARN_64_TO_32_BIT_CONVERSION = YES;
				GCC_WARN_ABOUT_RETURN_TYPE = YES_ERROR;
				GCC_WARN_UNDECLARED_SELECTOR = YES;
				GCC_WARN_UNINITIALIZED_AUTOS = YES_AGGRESSIVE;
				GCC_WARN_UNUSED_FUNCTION = YES;
				GCC_WARN_UNUSED_VARIABLE = YES;
				IPHONEOS_DEPLOYMENT_TARGET = 11.2;
				MTL_ENABLE_DEBUG_INFO = YES;
				ONLY_ACTIVE_ARCH = YES;
				SDKROOT = iphoneos;
				SWIFT_ACTIVE_COMPILATION_CONDITIONS = DEBUG;
				SWIFT_OPTIMIZATION_LEVEL = "-Onone";
			};
			name = Debug;
		};
		8BD8DBC4207F7CA000ABD71C /* Release */ = {
			isa = XCBuildConfiguration;
			buildSettings = {
				ALWAYS_SEARCH_USER_PATHS = NO;
				CLANG_ANALYZER_NONNULL = YES;
				CLANG_ANALYZER_NUMBER_OBJECT_CONVERSION = YES_AGGRESSIVE;
				CLANG_CXX_LANGUAGE_STANDARD = "gnu++14";
				CLANG_CXX_LIBRARY = "libc++";
				CLANG_ENABLE_MODULES = YES;
				CLANG_ENABLE_OBJC_ARC = YES;
				CLANG_WARN_BLOCK_CAPTURE_AUTORELEASING = YES;
				CLANG_WARN_BOOL_CONVERSION = YES;
				CLANG_WARN_COMMA = YES;
				CLANG_WARN_CONSTANT_CONVERSION = YES;
				CLANG_WARN_DIRECT_OBJC_ISA_USAGE = YES_ERROR;
				CLANG_WARN_DOCUMENTATION_COMMENTS = YES;
				CLANG_WARN_EMPTY_BODY = YES;
				CLANG_WARN_ENUM_CONVERSION = YES;
				CLANG_WARN_INFINITE_RECURSION = YES;
				CLANG_WARN_INT_CONVERSION = YES;
				CLANG_WARN_NON_LITERAL_NULL_CONVERSION = YES;
				CLANG_WARN_OBJC_LITERAL_CONVERSION = YES;
				CLANG_WARN_OBJC_ROOT_CLASS = YES_ERROR;
				CLANG_WARN_RANGE_LOOP_ANALYSIS = YES;
				CLANG_WARN_STRICT_PROTOTYPES = YES;
				CLANG_WARN_SUSPICIOUS_MOVE = YES;
				CLANG_WARN_UNGUARDED_AVAILABILITY = YES_AGGRESSIVE;
				CLANG_WARN_UNREACHABLE_CODE = YES;
				CLANG_WARN__DUPLICATE_METHOD_MATCH = YES;
				CODE_SIGN_IDENTITY = "iPhone Developer";
				COPY_PHASE_STRIP = NO;
				DEBUG_INFORMATION_FORMAT = "dwarf-with-dsym";
				ENABLE_NS_ASSERTIONS = NO;
				ENABLE_STRICT_OBJC_MSGSEND = YES;
				GCC_C_LANGUAGE_STANDARD = gnu11;
				GCC_NO_COMMON_BLOCKS = YES;
				GCC_WARN_64_TO_32_BIT_CONVERSION = YES;
				GCC_WARN_ABOUT_RETURN_TYPE = YES_ERROR;
				GCC_WARN_UNDECLARED_SELECTOR = YES;
				GCC_WARN_UNINITIALIZED_AUTOS = YES_AGGRESSIVE;
				GCC_WARN_UNUSED_FUNCTION = YES;
				GCC_WARN_UNUSED_VARIABLE = YES;
				IPHONEOS_DEPLOYMENT_TARGET = 11.2;
				MTL_ENABLE_DEBUG_INFO = NO;
				SDKROOT = iphoneos;
				SWIFT_OPTIMIZATION_LEVEL = "-Owholemodule";
				VALIDATE_PRODUCT = YES;
			};
			name = Release;
		};
		8BD8DBC6207F7CA000ABD71C /* Debug */ = {
			isa = XCBuildConfiguration;
			buildSettings = {
				ASSETCATALOG_COMPILER_APPICON_NAME = AppIcon;
				CODE_SIGN_STYLE = Automatic;
				DEVELOPMENT_TEAM = UUREU9E4TX;
				INFOPLIST_FILE = LTmorphing1/Info.plist;
				LD_RUNPATH_SEARCH_PATHS = "$(inherited) @executable_path/Frameworks";
				PRODUCT_BUNDLE_IDENTIFIER = com.senovTech.LTmorphing1;
				PRODUCT_NAME = "$(TARGET_NAME)";
				SWIFT_VERSION = 4.0;
				TARGETED_DEVICE_FAMILY = "1,2";
			};
			name = Debug;
		};
		8BD8DBC7207F7CA000ABD71C /* Release */ = {
			isa = XCBuildConfiguration;
			buildSettings = {
				ASSETCATALOG_COMPILER_APPICON_NAME = AppIcon;
				CODE_SIGN_STYLE = Automatic;
				DEVELOPMENT_TEAM = UUREU9E4TX;
				INFOPLIST_FILE = LTmorphing1/Info.plist;
				LD_RUNPATH_SEARCH_PATHS = "$(inherited) @executable_path/Frameworks";
				PRODUCT_BUNDLE_IDENTIFIER = com.senovTech.LTmorphing1;
				PRODUCT_NAME = "$(TARGET_NAME)";
				SWIFT_VERSION = 4.0;
				TARGETED_DEVICE_FAMILY = "1,2";
			};
			name = Release;
		};
		8BD8DBC9207F7CA000ABD71C /* Debug */ = {
			isa = XCBuildConfiguration;
			buildSettings = {
				ALWAYS_EMBED_SWIFT_STANDARD_LIBRARIES = YES;
				BUNDLE_LOADER = "$(TEST_HOST)";
				CODE_SIGN_STYLE = Automatic;
				DEVELOPMENT_TEAM = UUREU9E4TX;
				INFOPLIST_FILE = LTmorphing1Tests/Info.plist;
				LD_RUNPATH_SEARCH_PATHS = "$(inherited) @executable_path/Frameworks @loader_path/Frameworks";
				PRODUCT_BUNDLE_IDENTIFIER = com.senovTech.LTmorphing1Tests;
				PRODUCT_NAME = "$(TARGET_NAME)";
				SWIFT_VERSION = 4.0;
				TARGETED_DEVICE_FAMILY = "1,2";
				TEST_HOST = "$(BUILT_PRODUCTS_DIR)/LTmorphing1.app/LTmorphing1";
			};
			name = Debug;
		};
		8BD8DBCA207F7CA000ABD71C /* Release */ = {
			isa = XCBuildConfiguration;
			buildSettings = {
				ALWAYS_EMBED_SWIFT_STANDARD_LIBRARIES = YES;
				BUNDLE_LOADER = "$(TEST_HOST)";
				CODE_SIGN_STYLE = Automatic;
				DEVELOPMENT_TEAM = UUREU9E4TX;
				INFOPLIST_FILE = LTmorphing1Tests/Info.plist;
				LD_RUNPATH_SEARCH_PATHS = "$(inherited) @executable_path/Frameworks @loader_path/Frameworks";
				PRODUCT_BUNDLE_IDENTIFIER = com.senovTech.LTmorphing1Tests;
				PRODUCT_NAME = "$(TARGET_NAME)";
				SWIFT_VERSION = 4.0;
				TARGETED_DEVICE_FAMILY = "1,2";
				TEST_HOST = "$(BUILT_PRODUCTS_DIR)/LTmorphing1.app/LTmorphing1";
			};
			name = Release;
		};
		8BD8DBCC207F7CA000ABD71C /* Debug */ = {
			isa = XCBuildConfiguration;
			buildSettings = {
				ALWAYS_EMBED_SWIFT_STANDARD_LIBRARIES = YES;
				CODE_SIGN_STYLE = Automatic;
				DEVELOPMENT_TEAM = UUREU9E4TX;
				INFOPLIST_FILE = LTmorphing1UITests/Info.plist;
				LD_RUNPATH_SEARCH_PATHS = "$(inherited) @executable_path/Frameworks @loader_path/Frameworks";
				PRODUCT_BUNDLE_IDENTIFIER = com.senovTech.LTmorphing1UITests;
				PRODUCT_NAME = "$(TARGET_NAME)";
				SWIFT_VERSION = 4.0;
				TARGETED_DEVICE_FAMILY = "1,2";
				TEST_TARGET_NAME = LTmorphing1;
			};
			name = Debug;
		};
		8BD8DBCD207F7CA000ABD71C /* Release */ = {
			isa = XCBuildConfiguration;
			buildSettings = {
				ALWAYS_EMBED_SWIFT_STANDARD_LIBRARIES = YES;
				CODE_SIGN_STYLE = Automatic;
				DEVELOPMENT_TEAM = UUREU9E4TX;
				INFOPLIST_FILE = LTmorphing1UITests/Info.plist;
				LD_RUNPATH_SEARCH_PATHS = "$(inherited) @executable_path/Frameworks @loader_path/Frameworks";
				PRODUCT_BUNDLE_IDENTIFIER = com.senovTech.LTmorphing1UITests;
				PRODUCT_NAME = "$(TARGET_NAME)";
				SWIFT_VERSION = 4.0;
				TARGETED_DEVICE_FAMILY = "1,2";
				TEST_TARGET_NAME = LTmorphing1;
			};
			name = Release;
		};
/* End XCBuildConfiguration section */

/* Begin XCConfigurationList section */
		8BD8DB98207F7CA000ABD71C /* Build configuration list for PBXProject "LTmorphing1" */ = {
			isa = XCConfigurationList;
			buildConfigurations = (
				8BD8DBC3207F7CA000ABD71C /* Debug */,
				8BD8DBC4207F7CA000ABD71C /* Release */,
			);
			defaultConfigurationIsVisible = 0;
			defaultConfigurationName = Release;
		};
		8BD8DBC5207F7CA000ABD71C /* Build configuration list for PBXNativeTarget "LTmorphing1" */ = {
			isa = XCConfigurationList;
			buildConfigurations = (
				8BD8DBC6207F7CA000ABD71C /* Debug */,
				8BD8DBC7207F7CA000ABD71C /* Release */,
			);
			defaultConfigurationIsVisible = 0;
			defaultConfigurationName = Release;
		};
		8BD8DBC8207F7CA000ABD71C /* Build configuration list for PBXNativeTarget "LTmorphing1Tests" */ = {
			isa = XCConfigurationList;
			buildConfigurations = (
				8BD8DBC9207F7CA000ABD71C /* Debug */,
				8BD8DBCA207F7CA000ABD71C /* Release */,
			);
			defaultConfigurationIsVisible = 0;
			defaultConfigurationName = Release;
		};
		8BD8DBCB207F7CA000ABD71C /* Build configuration list for PBXNativeTarget "LTmorphing1UITests" */ = {
			isa = XCConfigurationList;
			buildConfigurations = (
				8BD8DBCC207F7CA000ABD71C /* Debug */,
				8BD8DBCD207F7CA000ABD71C /* Release */,
			);
			defaultConfigurationIsVisible = 0;
			defaultConfigurationName = Release;
		};
/* End XCConfigurationList section */
	};
	rootObject = 8BD8DB95207F7CA000ABD71C /* Project object */;
}
